<Solution>
  <Configurations>
    <Platform Name="x64" />
    <Platform Name="x86" />
  </Configurations>
  <Project Path="Ex1/Ex1.vcxproj" />
  <Project Path="Ex2/Ex2.vcxproj" />
  <Project Path="Ex3/Ex3.vcxproj" />
  <Project Path="Ex4/Ex4.vcxproj" />
  <Project Path="Ex5/Ex5.vcxproj" />
  <Project Path="Ex6/Ex6.vcxproj" />
  <Project Path="Ex7/Ex7.vcxproj" />
  <Project Path="Factorielle/Factorielle.vcxproj" />
  <Project Path="Valeur_absolue/Valeur_absolue.vcxproj" />
</Solution>
